
Microsoft Visual Studio Solution File, Format Version 12.00
# Visual Studio Version 17
VisualStudioVersion = 17.0.31903.59
MinimumVisualStudioVersion = 10.0.40219.1
Project("{2150E333-8FDC-42A3-9474-1A3956D46DE8}") = "src-csharp", "src-csharp", "{4096C7B0-4C23-1A46-0D1D-C9BB4F2AE7D0}"
EndProject
Project("{FAE04EC0-301F-11D3-BF4B-00C04F79EFBC}") = "PokePoke.Core", "src-csharp\PokePoke.Core\PokePoke.Core.csproj", "{6AF42E41-62B9-4739-B9B1-40D2532EAA16}"
EndProject
Project("{FAE04EC0-301F-11D3-BF4B-00C04F79EFBC}") = "PokePoke.Orchestration", "src-csharp\PokePoke.Orchestration\PokePoke.Orchestration.csproj", "{B1477B86-D3E0-4A37-A603-8E7A40348860}"
EndProject
Project("{FAE04EC0-301F-11D3-BF4B-00C04F79EFBC}") = "PokePoke.Agents", "src-csharp\PokePoke.Agents\PokePoke.Agents.csproj", "{9C5B4260-C21E-4325-A879-AF6033C2C978}"
EndProject
Project("{FAE04EC0-301F-11D3-BF4B-00C04F79EFBC}") = "PokePoke.Beads", "src-csharp\PokePoke.Beads\PokePoke.Beads.csproj", "{52E598CC-6689-4FA0-923F-E055A4F126D5}"
EndProject
Project("{FAE04EC0-301F-11D3-BF4B-00C04F79EFBC}") = "PokePoke.Git", "src-csharp\PokePoke.Git\PokePoke.Git.csproj", "{7F09AFEB-B2E4-4E60-9393-3FC5A159739D}"
EndProject
Project("{FAE04EC0-301F-11D3-BF4B-00C04F79EFBC}") = "PokePoke.Models", "src-csharp\PokePoke.Models\PokePoke.Models.csproj", "{71737BC1-3736-4930-83ED-673AEC04341D}"
EndProject
Project("{FAE04EC0-301F-11D3-BF4B-00C04F79EFBC}") = "PokePoke.Desktop", "src-csharp\PokePoke.Desktop\PokePoke.Desktop.csproj", "{B3A6B259-DED4-4A90-B64B-711AFD5BB6F4}"
EndProject
Project("{FAE04EC0-301F-11D3-BF4B-00C04F79EFBC}") = "PokePoke.Stats", "src-csharp\PokePoke.Stats\PokePoke.Stats.csproj", "{4C8002AF-714A-4940-889C-24BBFFDE7B43}"
EndProject
Project("{FAE04EC0-301F-11D3-BF4B-00C04F79EFBC}") = "PokePoke.Utils", "src-csharp\PokePoke.Utils\PokePoke.Utils.csproj", "{FBD18FBD-A140-465F-9F30-267A37E0F57F}"
EndProject
Project("{FAE04EC0-301F-11D3-BF4B-00C04F79EFBC}") = "PokePoke.CLI", "src-csharp\PokePoke.CLI\PokePoke.CLI.csproj", "{0A77B204-B48A-45FD-B021-CC37269D768E}"
EndProject
Global
	GlobalSection(SolutionConfigurationPlatforms) = preSolution
		Debug|Any CPU = Debug|Any CPU
		Debug|x64 = Debug|x64
		Debug|x86 = Debug|x86
		Release|Any CPU = Release|Any CPU
		Release|x64 = Release|x64
		Release|x86 = Release|x86
	EndGlobalSection
	GlobalSection(ProjectConfigurationPlatforms) = postSolution
		{6AF42E41-62B9-4739-B9B1-40D2532EAA16}.Debug|Any CPU.ActiveCfg = Debug|Any CPU
		{6AF42E41-62B9-4739-B9B1-40D2532EAA16}.Debug|Any CPU.Build.0 = Debug|Any CPU
		{6AF42E41-62B9-4739-B9B1-40D2532EAA16}.Debug|x64.ActiveCfg = Debug|Any CPU
		{6AF42E41-62B9-4739-B9B1-40D2532EAA16}.Debug|x64.Build.0 = Debug|Any CPU
		{6AF42E41-62B9-4739-B9B1-40D2532EAA16}.Debug|x86.ActiveCfg = Debug|Any CPU
		{6AF42E41-62B9-4739-B9B1-40D2532EAA16}.Debug|x86.Build.0 = Debug|Any CPU
		{6AF42E41-62B9-4739-B9B1-40D2532EAA16}.Release|Any CPU.ActiveCfg = Release|Any CPU
		{6AF42E41-62B9-4739-B9B1-40D2532EAA16}.Release|Any CPU.Build.0 = Release|Any CPU
		{6AF42E41-62B9-4739-B9B1-40D2532EAA16}.Release|x64.ActiveCfg = Release|Any CPU
		{6AF42E41-62B9-4739-B9B1-40D2532EAA16}.Release|x64.Build.0 = Release|Any CPU
		{6AF42E41-62B9-4739-B9B1-40D2532EAA16}.Release|x86.ActiveCfg = Release|Any CPU
		{6AF42E41-62B9-4739-B9B1-40D2532EAA16}.Release|x86.Build.0 = Release|Any CPU
		{B1477B86-D3E0-4A37-A603-8E7A40348860}.Debug|Any CPU.ActiveCfg = Debug|Any CPU
		{B1477B86-D3E0-4A37-A603-8E7A40348860}.Debug|Any CPU.Build.0 = Debug|Any CPU
		{B1477B86-D3E0-4A37-A603-8E7A40348860}.Debug|x64.ActiveCfg = Debug|Any CPU
		{B1477B86-D3E0-4A37-A603-8E7A40348860}.Debug|x64.Build.0 = Debug|Any CPU
		{B1477B86-D3E0-4A37-A603-8E7A40348860}.Debug|x86.ActiveCfg = Debug|Any CPU
		{B1477B86-D3E0-4A37-A603-8E7A40348860}.Debug|x86.Build.0 = Debug|Any CPU
		{B1477B86-D3E0-4A37-A603-8E7A40348860}.Release|Any CPU.ActiveCfg = Release|Any CPU
		{B1477B86-D3E0-4A37-A603-8E7A40348860}.Release|Any CPU.Build.0 = Release|Any CPU
		{B1477B86-D3E0-4A37-A603-8E7A40348860}.Release|x64.ActiveCfg = Release|Any CPU
		{B1477B86-D3E0-4A37-A603-8E7A40348860}.Release|x64.Build.0 = Release|Any CPU
		{B1477B86-D3E0-4A37-A603-8E7A40348860}.Release|x86.ActiveCfg = Release|Any CPU
		{B1477B86-D3E0-4A37-A603-8E7A40348860}.Release|x86.Build.0 = Release|Any CPU
		{9C5B4260-C21E-4325-A879-AF6033C2C978}.Debug|Any CPU.ActiveCfg = Debug|Any CPU
		{9C5B4260-C21E-4325-A879-AF6033C2C978}.Debug|Any CPU.Build.0 = Debug|Any CPU
		{9C5B4260-C21E-4325-A879-AF6033C2C978}.Debug|x64.ActiveCfg = Debug|Any CPU
		{9C5B4260-C21E-4325-A879-AF6033C2C978}.Debug|x64.Build.0 = Debug|Any CPU
		{9C5B4260-C21E-4325-A879-AF6033C2C978}.Debug|x86.ActiveCfg = Debug|Any CPU
		{9C5B4260-C21E-4325-A879-AF6033C2C978}.Debug|x86.Build.0 = Debug|Any CPU
		{9C5B4260-C21E-4325-A879-AF6033C2C978}.Release|Any CPU.ActiveCfg = Release|Any CPU
		{9C5B4260-C21E-4325-A879-AF6033C2C978}.Release|Any CPU.Build.0 = Release|Any CPU
		{9C5B4260-C21E-4325-A879-AF6033C2C978}.Release|x64.ActiveCfg = Release|Any CPU
		{9C5B4260-C21E-4325-A879-AF6033C2C978}.Release|x64.Build.0 = Release|Any CPU
		{9C5B4260-C21E-4325-A879-AF6033C2C978}.Release|x86.ActiveCfg = Release|Any CPU
		{9C5B4260-C21E-4325-A879-AF6033C2C978}.Release|x86.Build.0 = Release|Any CPU
		{52E598CC-6689-4FA0-923F-E055A4F126D5}.Debug|Any CPU.ActiveCfg = Debug|Any CPU
		{52E598CC-6689-4FA0-923F-E055A4F126D5}.Debug|Any CPU.Build.0 = Debug|Any CPU
		{52E598CC-6689-4FA0-923F-E055A4F126D5}.Debug|x64.ActiveCfg = Debug|Any CPU
		{52E598CC-6689-4FA0-923F-E055A4F126D5}.Debug|x64.Build.0 = Debug|Any CPU
		{52E598CC-6689-4FA0-923F-E055A4F126D5}.Debug|x86.ActiveCfg = Debug|Any CPU
		{52E598CC-6689-4FA0-923F-E055A4F126D5}.Debug|x86.Build.0 = Debug|Any CPU
		{52E598CC-6689-4FA0-923F-E055A4F126D5}.Release|Any CPU.ActiveCfg = Release|Any CPU
		{52E598CC-6689-4FA0-923F-E055A4F126D5}.Release|Any CPU.Build.0 = Release|Any CPU
		{52E598CC-6689-4FA0-923F-E055A4F126D5}.Release|x64.ActiveCfg = Release|Any CPU
		{52E598CC-6689-4FA0-923F-E055A4F126D5}.Release|x64.Build.0 = Release|Any CPU
		{52E598CC-6689-4FA0-923F-E055A4F126D5}.Release|x86.ActiveCfg = Release|Any CPU
		{52E598CC-6689-4FA0-923F-E055A4F126D5}.Release|x86.Build.0 = Release|Any CPU
		{7F09AFEB-B2E4-4E60-9393-3FC5A159739D}.Debug|Any CPU.ActiveCfg = Debug|Any CPU
		{7F09AFEB-B2E4-4E60-9393-3FC5A159739D}.Debug|Any CPU.Build.0 = Debug|Any CPU
		{7F09AFEB-B2E4-4E60-9393-3FC5A159739D}.Debug|x64.ActiveCfg = Debug|Any CPU
		{7F09AFEB-B2E4-4E60-9393-3FC5A159739D}.Debug|x64.Build.0 = Debug|Any CPU
		{7F09AFEB-B2E4-4E60-9393-3FC5A159739D}.Debug|x86.ActiveCfg = Debug|Any CPU
		{7F09AFEB-B2E4-4E60-9393-3FC5A159739D}.Debug|x86.Build.0 = Debug|Any CPU
		{7F09AFEB-B2E4-4E60-9393-3FC5A159739D}.Release|Any CPU.ActiveCfg = Release|Any CPU
		{7F09AFEB-B2E4-4E60-9393-3FC5A159739D}.Release|Any CPU.Build.0 = Release|Any CPU
		{7F09AFEB-B2E4-4E60-9393-3FC5A159739D}.Release|x64.ActiveCfg = Release|Any CPU
		{7F09AFEB-B2E4-4E60-9393-3FC5A159739D}.Release|x64.Build.0 = Release|Any CPU
		{7F09AFEB-B2E4-4E60-9393-3FC5A159739D}.Release|x86.ActiveCfg = Release|Any CPU
		{7F09AFEB-B2E4-4E60-9393-3FC5A159739D}.Release|x86.Build.0 = Release|Any CPU
		{71737BC1-3736-4930-83ED-673AEC04341D}.Debug|Any CPU.ActiveCfg = Debug|Any CPU
		{71737BC1-3736-4930-83ED-673AEC04341D}.Debug|Any CPU.Build.0 = Debug|Any CPU
		{71737BC1-3736-4930-83ED-673AEC04341D}.Debug|x64.ActiveCfg = Debug|Any CPU
		{71737BC1-3736-4930-83ED-673AEC04341D}.Debug|x64.Build.0 = Debug|Any CPU
		{71737BC1-3736-4930-83ED-673AEC04341D}.Debug|x86.ActiveCfg = Debug|Any CPU
		{71737BC1-3736-4930-83ED-673AEC04341D}.Debug|x86.Build.0 = Debug|Any CPU
		{71737BC1-3736-4930-83ED-673AEC04341D}.Release|Any CPU.ActiveCfg = Release|Any CPU
		{71737BC1-3736-4930-83ED-673AEC04341D}.Release|Any CPU.Build.0 = Release|Any CPU
		{71737BC1-3736-4930-83ED-673AEC04341D}.Release|x64.ActiveCfg = Release|Any CPU
		{71737BC1-3736-4930-83ED-673AEC04341D}.Release|x64.Build.0 = Release|Any CPU
		{71737BC1-3736-4930-83ED-673AEC04341D}.Release|x86.ActiveCfg = Release|Any CPU
		{71737BC1-3736-4930-83ED-673AEC04341D}.Release|x86.Build.0 = Release|Any CPU
		{B3A6B259-DED4-4A90-B64B-711AFD5BB6F4}.Debug|Any CPU.ActiveCfg = Debug|Any CPU
		{B3A6B259-DED4-4A90-B64B-711AFD5BB6F4}.Debug|Any CPU.Build.0 = Debug|Any CPU
		{B3A6B259-DED4-4A90-B64B-711AFD5BB6F4}.Debug|x64.ActiveCfg = Debug|Any CPU
		{B3A6B259-DED4-4A90-B64B-711AFD5BB6F4}.Debug|x64.Build.0 = Debug|Any CPU
		{B3A6B259-DED4-4A90-B64B-711AFD5BB6F4}.Debug|x86.ActiveCfg = Debug|Any CPU
		{B3A6B259-DED4-4A90-B64B-711AFD5BB6F4}.Debug|x86.Build.0 = Debug|Any CPU
		{B3A6B259-DED4-4A90-B64B-711AFD5BB6F4}.Release|Any CPU.ActiveCfg = Release|Any CPU
		{B3A6B259-DED4-4A90-B64B-711AFD5BB6F4}.Release|Any CPU.Build.0 = Release|Any CPU
		{B3A6B259-DED4-4A90-B64B-711AFD5BB6F4}.Release|x64.ActiveCfg = Release|Any CPU
		{B3A6B259-DED4-4A90-B64B-711AFD5BB6F4}.Release|x64.Build.0 = Release|Any CPU
		{B3A6B259-DED4-4A90-B64B-711AFD5BB6F4}.Release|x86.ActiveCfg = Release|Any CPU
		{B3A6B259-DED4-4A90-B64B-711AFD5BB6F4}.Release|x86.Build.0 = Release|Any CPU
		{4C8002AF-714A-4940-889C-24BBFFDE7B43}.Debug|Any CPU.ActiveCfg = Debug|Any CPU
		{4C8002AF-714A-4940-889C-24BBFFDE7B43}.Debug|Any CPU.Build.0 = Debug|Any CPU
		{4C8002AF-714A-4940-889C-24BBFFDE7B43}.Debug|x64.ActiveCfg = Debug|Any CPU
		{4C8002AF-714A-4940-889C-24BBFFDE7B43}.Debug|x64.Build.0 = Debug|Any CPU
		{4C8002AF-714A-4940-889C-24BBFFDE7B43}.Debug|x86.ActiveCfg = Debug|Any CPU
		{4C8002AF-714A-4940-889C-24BBFFDE7B43}.Debug|x86.Build.0 = Debug|Any CPU
		{4C8002AF-714A-4940-889C-24BBFFDE7B43}.Release|Any CPU.ActiveCfg = Release|Any CPU
		{4C8002AF-714A-4940-889C-24BBFFDE7B43}.Release|Any CPU.Build.0 = Release|Any CPU
		{4C8002AF-714A-4940-889C-24BBFFDE7B43}.Release|x64.ActiveCfg = Release|Any CPU
		{4C8002AF-714A-4940-889C-24BBFFDE7B43}.Release|x64.Build.0 = Release|Any CPU
		{4C8002AF-714A-4940-889C-24BBFFDE7B43}.Release|x86.ActiveCfg = Release|Any CPU
		{4C8002AF-714A-4940-889C-24BBFFDE7B43}.Release|x86.Build.0 = Release|Any CPU
		{FBD18FBD-A140-465F-9F30-267A37E0F57F}.Debug|Any CPU.ActiveCfg = Debug|Any CPU
		{FBD18FBD-A140-465F-9F30-267A37E0F57F}.Debug|Any CPU.Build.0 = Debug|Any CPU
		{FBD18FBD-A140-465F-9F30-267A37E0F57F}.Debug|x64.ActiveCfg = Debug|Any CPU
		{FBD18FBD-A140-465F-9F30-267A37E0F57F}.Debug|x64.Build.0 = Debug|Any CPU
		{FBD18FBD-A140-465F-9F30-267A37E0F57F}.Debug|x86.ActiveCfg = Debug|Any CPU
		{FBD18FBD-A140-465F-9F30-267A37E0F57F}.Debug|x86.Build.0 = Debug|Any CPU
		{FBD18FBD-A140-465F-9F30-267A37E0F57F}.Release|Any CPU.ActiveCfg = Release|Any CPU
		{FBD18FBD-A140-465F-9F30-267A37E0F57F}.Release|Any CPU.Build.0 = Release|Any CPU
		{FBD18FBD-A140-465F-9F30-267A37E0F57F}.Release|x64.ActiveCfg = Release|Any CPU
		{FBD18FBD-A140-465F-9F30-267A37E0F57F}.Release|x64.Build.0 = Release|Any CPU
		{FBD18FBD-A140-465F-9F30-267A37E0F57F}.Release|x86.ActiveCfg = Release|Any CPU
		{FBD18FBD-A140-465F-9F30-267A37E0F57F}.Release|x86.Build.0 = Release|Any CPU
		{0A77B204-B48A-45FD-B021-CC37269D768E}.Debug|Any CPU.ActiveCfg = Debug|Any CPU
		{0A77B204-B48A-45FD-B021-CC37269D768E}.Debug|Any CPU.Build.0 = Debug|Any CPU
		{0A77B204-B48A-45FD-B021-CC37269D768E}.Debug|x64.ActiveCfg = Debug|Any CPU
		{0A77B204-B48A-45FD-B021-CC37269D768E}.Debug|x64.Build.0 = Debug|Any CPU
		{0A77B204-B48A-45FD-B021-CC37269D768E}.Debug|x86.ActiveCfg = Debug|Any CPU
		{0A77B204-B48A-45FD-B021-CC37269D768E}.Debug|x86.Build.0 = Debug|Any CPU
		{0A77B204-B48A-45FD-B021-CC37269D768E}.Release|Any CPU.ActiveCfg = Release|Any CPU
		{0A77B204-B48A-45FD-B021-CC37269D768E}.Release|Any CPU.Build.0 = Release|Any CPU
		{0A77B204-B48A-45FD-B021-CC37269D768E}.Release|x64.ActiveCfg = Release|Any CPU
		{0A77B204-B48A-45FD-B021-CC37269D768E}.Release|x64.Build.0 = Release|Any CPU
		{0A77B204-B48A-45FD-B021-CC37269D768E}.Release|x86.ActiveCfg = Release|Any CPU
		{0A77B204-B48A-45FD-B021-CC37269D768E}.Release|x86.Build.0 = Release|Any CPU
	EndGlobalSection
	GlobalSection(SolutionProperties) = preSolution
		HideSolutionNode = FALSE
	EndGlobalSection
	GlobalSection(NestedProjects) = preSolution
		{6AF42E41-62B9-4739-B9B1-40D2532EAA16} = {4096C7B0-4C23-1A46-0D1D-C9BB4F2AE7D0}
		{B1477B86-D3E0-4A37-A603-8E7A40348860} = {4096C7B0-4C23-1A46-0D1D-C9BB4F2AE7D0}
		{9C5B4260-C21E-4325-A879-AF6033C2C978} = {4096C7B0-4C23-1A46-0D1D-C9BB4F2AE7D0}
		{52E598CC-6689-4FA0-923F-E055A4F126D5} = {4096C7B0-4C23-1A46-0D1D-C9BB4F2AE7D0}
		{7F09AFEB-B2E4-4E60-9393-3FC5A159739D} = {4096C7B0-4C23-1A46-0D1D-C9BB4F2AE7D0}
		{71737BC1-3736-4930-83ED-673AEC04341D} = {4096C7B0-4C23-1A46-0D1D-C9BB4F2AE7D0}
		{B3A6B259-DED4-4A90-B64B-711AFD5BB6F4} = {4096C7B0-4C23-1A46-0D1D-C9BB4F2AE7D0}
		{4C8002AF-714A-4940-889C-24BBFFDE7B43} = {4096C7B0-4C23-1A46-0D1D-C9BB4F2AE7D0}
		{FBD18FBD-A140-465F-9F30-267A37E0F57F} = {4096C7B0-4C23-1A46-0D1D-C9BB4F2AE7D0}
		{0A77B204-B48A-45FD-B021-CC37269D768E} = {4096C7B0-4C23-1A46-0D1D-C9BB4F2AE7D0}
	EndGlobalSection
EndGlobal
